// !$*UTF8*$!
{
	archiveVersion = 1;
	classes = {
	};
	objectVersion = 50;
	objects = {

/* Begin PBXBuildFile section */
		843B7D9E2418FF0C00711C41 /* Sction.swift in Sources */ = {isa = PBXBuildFile; fileRef = 843B7D9D2418FF0C00711C41 /* Sction.swift */; };
		843B7DA0241927BD00711C41 /* UpdateListView.swift in Sources */ = {isa = PBXBuildFile; fileRef = 843B7D9F241927BD00711C41 /* UpdateListView.swift */; };
		845A6612241A5C650038F7CE /* RingView.swift in Sources */ = {isa = PBXBuildFile; fileRef = 845A6611241A5C650038F7CE /* RingView.swift */; };
		845A6614241A7D5F0038F7CE /* Modifiers.swift in Sources */ = {isa = PBXBuildFile; fileRef = 845A6613241A7D5F0038F7CE /* Modifiers.swift */; };
		84672099241D1B8800F37BBE /* CoursesList.swift in Sources */ = {isa = PBXBuildFile; fileRef = 84672098241D1B8800F37BBE /* CoursesList.swift */; };
		84943CCE2418DC1E00831A41 /* HomeViewContent.swift in Sources */ = {isa = PBXBuildFile; fileRef = 84943CCD2418DC1E00831A41 /* HomeViewContent.swift */; };
		849FDF3D241F764E00A0EDE9 /* CourseDetails.swift in Sources */ = {isa = PBXBuildFile; fileRef = 849FDF3C241F764E00A0EDE9 /* CourseDetails.swift */; };
		849FDF3F241F8A5800A0EDE9 /* Data.swift in Sources */ = {isa = PBXBuildFile; fileRef = 849FDF3E241F8A5800A0EDE9 /* Data.swift */; };
		849FDF41241FA25900A0EDE9 /* PostList.swift in Sources */ = {isa = PBXBuildFile; fileRef = 849FDF40241FA25800A0EDE9 /* PostList.swift */; };
		849FDF43241FA76700A0EDE9 /* DataStore.swift in Sources */ = {isa = PBXBuildFile; fileRef = 849FDF42241FA76700A0EDE9 /* DataStore.swift */; };
		84DAA0EB241A29E7000B1238 /* UpdateStore.swift in Sources */ = {isa = PBXBuildFile; fileRef = 84DAA0EA241A29E7000B1238 /* UpdateStore.swift */; };
		84DAA0ED241A46C7000B1238 /* TabBar.swift in Sources */ = {isa = PBXBuildFile; fileRef = 84DAA0EC241A46C7000B1238 /* TabBar.swift */; };
		ED2ECE1C24195DC5003F4A5D /* Update.swift in Sources */ = {isa = PBXBuildFile; fileRef = ED2ECE1B24195DC5003F4A5D /* Update.swift */; };
		ED2ECE1E241967BA003F4A5D /* UpdateDetails.swift in Sources */ = {isa = PBXBuildFile; fileRef = ED2ECE1D241967BA003F4A5D /* UpdateDetails.swift */; };
		ED94423F24168D0000383632 /* HomeView.swift in Sources */ = {isa = PBXBuildFile; fileRef = ED94423E24168D0000383632 /* HomeView.swift */; };
		EDBAD3C924103D2F0039D81B /* MenuView.swift in Sources */ = {isa = PBXBuildFile; fileRef = EDBAD3C824103D2F0039D81B /* MenuView.swift */; };
		EDE846222406C04E00A5B34D /* AppDelegate.swift in Sources */ = {isa = PBXBuildFile; fileRef = EDE846212406C04E00A5B34D /* AppDelegate.swift */; };
		EDE846242406C04E00A5B34D /* SceneDelegate.swift in Sources */ = {isa = PBXBuildFile; fileRef = EDE846232406C04E00A5B34D /* SceneDelegate.swift */; };
		EDE846262406C04E00A5B34D /* ContentView.swift in Sources */ = {isa = PBXBuildFile; fileRef = EDE846252406C04E00A5B34D /* ContentView.swift */; };
		EDE846282406C05100A5B34D /* Assets.xcassets in Resources */ = {isa = PBXBuildFile; fileRef = EDE846272406C05100A5B34D /* Assets.xcassets */; };
		EDE8462B2406C05100A5B34D /* Preview Assets.xcassets in Resources */ = {isa = PBXBuildFile; fileRef = EDE8462A2406C05100A5B34D /* Preview Assets.xcassets */; };
		EDE8462E2406C05100A5B34D /* LaunchScreen.storyboard in Resources */ = {isa = PBXBuildFile; fileRef = EDE8462C2406C05100A5B34D /* LaunchScreen.storyboard */; };
/* End PBXBuildFile section */

/* Begin PBXFileReference section */
		843B7D9D2418FF0C00711C41 /* Sction.swift */ = {isa = PBXFileReference; lastKnownFileType = sourcecode.swift; path = Sction.swift; sourceTree = "<group>"; };
		843B7D9F241927BD00711C41 /* UpdateListView.swift */ = {isa = PBXFileReference; lastKnownFileType = sourcecode.swift; path = UpdateListView.swift; sourceTree = "<group>"; };
		845A6611241A5C650038F7CE /* RingView.swift */ = {isa = PBXFileReference; lastKnownFileType = sourcecode.swift; path = RingView.swift; sourceTree = "<group>"; };
		845A6613241A7D5F0038F7CE /* Modifiers.swift */ = {isa = PBXFileReference; lastKnownFileType = sourcecode.swift; path = Modifiers.swift; sourceTree = "<group>"; };
		84672098241D1B8800F37BBE /* CoursesList.swift */ = {isa = PBXFileReference; lastKnownFileType = sourcecode.swift; path = CoursesList.swift; sourceTree = "<group>"; };
		84943CCD2418DC1E00831A41 /* HomeViewContent.swift */ = {isa = PBXFileReference; lastKnownFileType = sourcecode.swift; path = HomeViewContent.swift; sourceTree = "<group>"; };
		849FDF3C241F764E00A0EDE9 /* CourseDetails.swift */ = {isa = PBXFileReference; lastKnownFileType = sourcecode.swift; path = CourseDetails.swift; sourceTree = "<group>"; };
		849FDF3E241F8A5800A0EDE9 /* Data.swift */ = {isa = PBXFileReference; lastKnownFileType = sourcecode.swift; path = Data.swift; sourceTree = "<group>"; };
		849FDF40241FA25800A0EDE9 /* PostList.swift */ = {isa = PBXFileReference; lastKnownFileType = sourcecode.swift; path = PostList.swift; sourceTree = "<group>"; };
		849FDF42241FA76700A0EDE9 /* DataStore.swift */ = {isa = PBXFileReference; lastKnownFileType = sourcecode.swift; path = DataStore.swift; sourceTree = "<group>"; };
		84DAA0EA241A29E7000B1238 /* UpdateStore.swift */ = {isa = PBXFileReference; lastKnownFileType = sourcecode.swift; path = UpdateStore.swift; sourceTree = "<group>"; };
		84DAA0EC241A46C7000B1238 /* TabBar.swift */ = {isa = PBXFileReference; lastKnownFileType = sourcecode.swift; path = TabBar.swift; sourceTree = "<group>"; };
		ED2ECE1B24195DC5003F4A5D /* Update.swift */ = {isa = PBXFileReference; lastKnownFileType = sourcecode.swift; path = Update.swift; sourceTree = "<group>"; };
		ED2ECE1D241967BA003F4A5D /* UpdateDetails.swift */ = {isa = PBXFileReference; lastKnownFileType = sourcecode.swift; path = UpdateDetails.swift; sourceTree = "<group>"; };
		ED94423E24168D0000383632 /* HomeView.swift */ = {isa = PBXFileReference; lastKnownFileType = sourcecode.swift; path = HomeView.swift; sourceTree = "<group>"; };
		EDBAD3C824103D2F0039D81B /* MenuView.swift */ = {isa = PBXFileReference; lastKnownFileType = sourcecode.swift; path = MenuView.swift; sourceTree = "<group>"; };
		EDE8461E2406C04E00A5B34D /* FIrstBoy.app */ = {isa = PBXFileReference; explicitFileType = wrapper.application; includeInIndex = 0; path = FIrstBoy.app; sourceTree = BUILT_PRODUCTS_DIR; };
		EDE846212406C04E00A5B34D /* AppDelegate.swift */ = {isa = PBXFileReference; lastKnownFileType = sourcecode.swift; path = AppDelegate.swift; sourceTree = "<group>"; };
		EDE846232406C04E00A5B34D /* SceneDelegate.swift */ = {isa = PBXFileReference; lastKnownFileType = sourcecode.swift; path = SceneDelegate.swift; sourceTree = "<group>"; };
		EDE846252406C04E00A5B34D /* ContentView.swift */ = {isa = PBXFileReference; lastKnownFileType = sourcecode.swift; path = ContentView.swift; sourceTree = "<group>"; };
		EDE846272406C05100A5B34D /* Assets.xcassets */ = {isa = PBXFileReference; lastKnownFileType = folder.assetcatalog; path = Assets.xcassets; sourceTree = "<group>"; };
		EDE8462A2406C05100A5B34D /* Preview Assets.xcassets */ = {isa = PBXFileReference; lastKnownFileType = folder.assetcatalog; path = "Preview Assets.xcassets"; sourceTree = "<group>"; };
		EDE8462D2406C05100A5B34D /* Base */ = {isa = PBXFileReference; lastKnownFileType = file.storyboard; name = Base; path = Base.lproj/LaunchScreen.storyboard; sourceTree = "<group>"; };
		EDE8462F2406C05100A5B34D /* Info.plist */ = {isa = PBXFileReference; lastKnownFileType = text.plist.xml; path = Info.plist; sourceTree = "<group>"; };
/* End PBXFileReference section */

/* Begin PBXFrameworksBuildPhase section */
		EDE8461B2406C04E00A5B34D /* Frameworks */ = {
			isa = PBXFrameworksBuildPhase;
			buildActionMask = 2147483647;
			files = (
			);
			runOnlyForDeploymentPostprocessing = 0;
		};
/* End PBXFrameworksBuildPhase section */

/* Begin PBXGroup section */
		843B7D9C2418FEF300711C41 /* Structs */ = {
			isa = PBXGroup;
			children = (
				843B7D9D2418FF0C00711C41 /* Sction.swift */,
				ED2ECE1B24195DC5003F4A5D /* Update.swift */,
			);
			path = Structs;
			sourceTree = "<group>";
		};
		EDE846152406C04E00A5B34D = {
			isa = PBXGroup;
			children = (
				EDE846202406C04E00A5B34D /* FIrstBoy */,
				EDE8461F2406C04E00A5B34D /* Products */,
			);
			sourceTree = "<group>";
		};
		EDE8461F2406C04E00A5B34D /* Products */ = {
			isa = PBXGroup;
			children = (
				EDE8461E2406C04E00A5B34D /* FIrstBoy.app */,
			);
			name = Products;
			sourceTree = "<group>";
		};
		EDE846202406C04E00A5B34D /* FIrstBoy */ = {
			isa = PBXGroup;
			children = (
				843B7D9C2418FEF300711C41 /* Structs */,
				EDE846212406C04E00A5B34D /* AppDelegate.swift */,
				EDE846232406C04E00A5B34D /* SceneDelegate.swift */,
				EDE846252406C04E00A5B34D /* ContentView.swift */,
				845A6611241A5C650038F7CE /* RingView.swift */,
				845A6613241A7D5F0038F7CE /* Modifiers.swift */,
				ED94423E24168D0000383632 /* HomeView.swift */,
				84943CCD2418DC1E00831A41 /* HomeViewContent.swift */,
				EDBAD3C824103D2F0039D81B /* MenuView.swift */,
				843B7D9F241927BD00711C41 /* UpdateListView.swift */,
				ED2ECE1D241967BA003F4A5D /* UpdateDetails.swift */,
				84DAA0EA241A29E7000B1238 /* UpdateStore.swift */,
				84DAA0EC241A46C7000B1238 /* TabBar.swift */,
				84672098241D1B8800F37BBE /* CoursesList.swift */,
				849FDF3C241F764E00A0EDE9 /* CourseDetails.swift */,
				849FDF40241FA25800A0EDE9 /* PostList.swift */,
				849FDF3E241F8A5800A0EDE9 /* Data.swift */,
				849FDF42241FA76700A0EDE9 /* DataStore.swift */,
				EDE846272406C05100A5B34D /* Assets.xcassets */,
				EDE8462C2406C05100A5B34D /* LaunchScreen.storyboard */,
				EDE8462F2406C05100A5B34D /* Info.plist */,
				EDE846292406C05100A5B34D /* Preview Content */,
			);
			path = FIrstBoy;
			sourceTree = "<group>";
		};
		EDE846292406C05100A5B34D /* Preview Content */ = {
			isa = PBXGroup;
			children = (
				EDE8462A2406C05100A5B34D /* Preview Assets.xcassets */,
			);
			path = "Preview Content";
			sourceTree = "<group>";
		};
/* End PBXGroup section */

/* Begin PBXNativeTarget section */
		EDE8461D2406C04E00A5B34D /* FIrstBoy */ = {
			isa = PBXNativeTarget;
			buildConfigurationList = EDE846322406C05200A5B34D /* Build configuration list for PBXNativeTarget "FIrstBoy" */;
			buildPhases = (
				EDE8461A2406C04E00A5B34D /* Sources */,
				EDE8461B2406C04E00A5B34D /* Frameworks */,
				EDE8461C2406C04E00A5B34D /* Resources */,
			);
			buildRules = (
			);
			dependencies = (
			);
			name = FIrstBoy;
			productName = FIrstBoy;
			productReference = EDE8461E2406C04E00A5B34D /* FIrstBoy.app */;
			productType = "com.apple.product-type.application";
		};
/* End PBXNativeTarget section */

/* Begin PBXProject section */
		EDE846162406C04E00A5B34D /* Project object */ = {
			isa = PBXProject;
			attributes = {
				LastSwiftUpdateCheck = 1130;
				LastUpgradeCheck = 1130;
				ORGANIZATIONNAME = "Mazen .A";
				TargetAttributes = {
					EDE8461D2406C04E00A5B34D = {
						CreatedOnToolsVersion = 11.3.1;
					};
				};
			};
			buildConfigurationList = EDE846192406C04E00A5B34D /* Build configuration list for PBXProject "FIrstBoy" */;
			compatibilityVersion = "Xcode 9.3";
			developmentRegion = en;
			hasScannedForEncodings = 0;
			knownRegions = (
				en,
				Base,
			);
			mainGroup = EDE846152406C04E00A5B34D;
			productRefGroup = EDE8461F2406C04E00A5B34D /* Products */;
			projectDirPath = "";
			projectRoot = "";
			targets = (
				EDE8461D2406C04E00A5B34D /* FIrstBoy */,
			);
		};
/* End PBXProject section */

/* Begin PBXResourcesBuildPhase section */
		EDE8461C2406C04E00A5B34D /* Resources */ = {
			isa = PBXResourcesBuildPhase;
			buildActionMask = 2147483647;
			files = (
				EDE8462E2406C05100A5B34D /* LaunchScreen.storyboard in Resources */,
				EDE8462B2406C05100A5B34D /* Preview Assets.xcassets in Resources */,
				EDE846282406C05100A5B34D /* Assets.xcassets in Resources */,
			);
			runOnlyForDeploymentPostprocessing = 0;
		};
/* End PBXResourcesBuildPhase section */

/* Begin PBXSourcesBuildPhase section */
		EDE8461A2406C04E00A5B34D /* Sources */ = {
			isa = PBXSourcesBuildPhase;
			buildActionMask = 2147483647;
			files = (
				849FDF43241FA76700A0EDE9 /* DataStore.swift in Sources */,
				EDE846222406C04E00A5B34D /* AppDelegate.swift in Sources */,
				849FDF41241FA25900A0EDE9 /* PostList.swift in Sources */,
				843B7DA0241927BD00711C41 /* UpdateListView.swift in Sources */,
				845A6614241A7D5F0038F7CE /* Modifiers.swift in Sources */,
				843B7D9E2418FF0C00711C41 /* Sction.swift in Sources */,
				84DAA0ED241A46C7000B1238 /* TabBar.swift in Sources */,
				849FDF3D241F764E00A0EDE9 /* CourseDetails.swift in Sources */,
				ED2ECE1C24195DC5003F4A5D /* Update.swift in Sources */,
				84943CCE2418DC1E00831A41 /* HomeViewContent.swift in Sources */,
				84672099241D1B8800F37BBE /* CoursesList.swift in Sources */,
				845A6612241A5C650038F7CE /* RingView.swift in Sources */,
				ED2ECE1E241967BA003F4A5D /* UpdateDetails.swift in Sources */,
				84DAA0EB241A29E7000B1238 /* UpdateStore.swift in Sources */,
				EDBAD3C924103D2F0039D81B /* MenuView.swift in Sources */,
				849FDF3F241F8A5800A0EDE9 /* Data.swift in Sources */,
				EDE846242406C04E00A5B34D /* SceneDelegate.swift in Sources */,
				ED94423F24168D0000383632 /* HomeView.swift in Sources */,
				EDE846262406C04E00A5B34D /* ContentView.swift in Sources */,
			);
			runOnlyForDeploymentPostprocessing = 0;
		};
/* End PBXSourcesBuildPhase section */

/* Begin PBXVariantGroup section */
		EDE8462C2406C05100A5B34D /* LaunchScreen.storyboard */ = {
			isa = PBXVariantGroup;
			children = (
				EDE8462D2406C05100A5B34D /* Base */,
			);
			name = LaunchScreen.storyboard;
			sourceTree = "<group>";
		};
/* End PBXVariantGroup section */

/* Begin XCBuildConfiguration section */
		EDE846302406C05100A5B34D /* Debug */ = {
			isa = XCBuildConfiguration;
			buildSettings = {
				ALWAYS_SEARCH_USER_PATHS = NO;
				CLANG_ANALYZER_NONNULL = YES;
				CLANG_ANALYZER_NUMBER_OBJECT_CONVERSION = YES_AGGRESSIVE;
				CLANG_CXX_LANGUAGE_STANDARD = "gnu++14";
				CLANG_CXX_LIBRARY = "libc++";
				CLANG_ENABLE_MODULES = YES;
				CLANG_ENABLE_OBJC_ARC = YES;
				CLANG_ENABLE_OBJC_WEAK = YES;
				CLANG_WARN_BLOCK_CAPTURE_AUTORELEASING = YES;
				CLANG_WARN_BOOL_CONVERSION = YES;
				CLANG_WARN_COMMA = YES;
				CLANG_WARN_CONSTANT_CONVERSION = YES;
				CLANG_WARN_DEPRECATED_OBJC_IMPLEMENTATIONS = YES;
				CLANG_WARN_DIRECT_OBJC_ISA_USAGE = YES_ERROR;
				CLANG_WARN_DOCUMENTATION_COMMENTS = YES;
				CLANG_WARN_EMPTY_BODY = YES;
				CLANG_WARN_ENUM_CONVERSION = YES;
				CLANG_WARN_INFINITE_RECURSION = YES;
				CLANG_WARN_INT_CONVERSION = YES;
				CLANG_WARN_NON_LITERAL_NULL_CONVERSION = YES;
				CLANG_WARN_OBJC_IMPLICIT_RETAIN_SELF = YES;
				CLANG_WARN_OBJC_LITERAL_CONVERSION = YES;
				CLANG_WARN_OBJC_ROOT_CLASS = YES_ERROR;
				CLANG_WARN_RANGE_LOOP_ANALYSIS = YES;
				CLANG_WARN_STRICT_PROTOTYPES = YES;
				CLANG_WARN_SUSPICIOUS_MOVE = YES;
				CLANG_WARN_UNGUARDED_AVAILABILITY = YES_AGGRESSIVE;
				CLANG_WARN_UNREACHABLE_CODE = YES;
				CLANG_WARN__DUPLICATE_METHOD_MATCH = YES;
				COPY_PHASE_STRIP = NO;
				DEBUG_INFORMATION_FORMAT = dwarf;
				ENABLE_STRICT_OBJC_MSGSEND = YES;
				ENABLE_TESTABILITY = YES;
				GCC_C_LANGUAGE_STANDARD = gnu11;
				GCC_DYNAMIC_NO_PIC = NO;
				GCC_NO_COMMON_BLOCKS = YES;
				GCC_OPTIMIZATION_LEVEL = 0;
				GCC_PREPROCESSOR_DEFINITIONS = (
					"DEBUG=1",
					"$(inherited)",
				);
				GCC_WARN_64_TO_32_BIT_CONVERSION = YES;
				GCC_WARN_ABOUT_RETURN_TYPE = YES_ERROR;
				GCC_WARN_UNDECLARED_SELECTOR = YES;
				GCC_WARN_UNINITIALIZED_AUTOS = YES_AGGRESSIVE;
				GCC_WARN_UNUSED_FUNCTION = YES;
				GCC_WARN_UNUSED_VARIABLE = YES;
				IPHONEOS_DEPLOYMENT_TARGET = 13.2;
				MTL_ENABLE_DEBUG_INFO = INCLUDE_SOURCE;
				MTL_FAST_MATH = YES;
				ONLY_ACTIVE_ARCH = YES;
				SDKROOT = iphoneos;
				SWIFT_ACTIVE_COMPILATION_CONDITIONS = DEBUG;
				SWIFT_OPTIMIZATION_LEVEL = "-Onone";
			};
			name = Debug;
		};
		EDE846312406C05200A5B34D /* Release */ = {
			isa = XCBuildConfiguration;
			buildSettings = {
				ALWAYS_SEARCH_USER_PATHS = NO;
				CLANG_ANALYZER_NONNULL = YES;
				CLANG_ANALYZER_NUMBER_OBJECT_CONVERSION = YES_AGGRESSIVE;
				CLANG_CXX_LANGUAGE_STANDARD = "gnu++14";
				CLANG_CXX_LIBRARY = "libc++";
				CLANG_ENABLE_MODULES = YES;
				CLANG_ENABLE_OBJC_ARC = YES;
				CLANG_ENABLE_OBJC_WEAK = YES;
				CLANG_WARN_BLOCK_CAPTURE_AUTORELEASING = YES;
				CLANG_WARN_BOOL_CONVERSION = YES;
				CLANG_WARN_COMMA = YES;
				CLANG_WARN_CONSTANT_CONVERSION = YES;
				CLANG_WARN_DEPRECATED_OBJC_IMPLEMENTATIONS = YES;
				CLANG_WARN_DIRECT_OBJC_ISA_USAGE = YES_ERROR;
				CLANG_WARN_DOCUMENTATION_COMMENTS = YES;
				CLANG_WARN_EMPTY_BODY = YES;
				CLANG_WARN_ENUM_CONVERSION = YES;
				CLANG_WARN_INFINITE_RECURSION = YES;
				CLANG_WARN_INT_CONVERSION = YES;
				CLANG_WARN_NON_LITERAL_NULL_CONVERSION = YES;
				CLANG_WARN_OBJC_IMPLICIT_RETAIN_SELF = YES;
				CLANG_WARN_OBJC_LITERAL_CONVERSION = YES;
				CLANG_WARN_OBJC_ROOT_CLASS = YES_ERROR;
				CLANG_WARN_RANGE_LOOP_ANALYSIS = YES;
				CLANG_WARN_STRICT_PROTOTYPES = YES;
				CLANG_WARN_SUSPICIOUS_MOVE = YES;
				CLANG_WARN_UNGUARDED_AVAILABILITY = YES_AGGRESSIVE;
				CLANG_WARN_UNREACHABLE_CODE = YES;
				CLANG_WARN__DUPLICATE_METHOD_MATCH = YES;
				COPY_PHASE_STRIP = NO;
				DEBUG_INFORMATION_FORMAT = "dwarf-with-dsym";
				ENABLE_NS_ASSERTIONS = NO;
				ENABLE_STRICT_OBJC_MSGSEND = YES;
				GCC_C_LANGUAGE_STANDARD = gnu11;
				GCC_NO_COMMON_BLOCKS = YES;
				GCC_WARN_64_TO_32_BIT_CONVERSION = YES;
				GCC_WARN_ABOUT_RETURN_TYPE = YES_ERROR;
				GCC_WARN_UNDECLARED_SELECTOR = YES;
				GCC_WARN_UNINITIALIZED_AUTOS = YES_AGGRESSIVE;
				GCC_WARN_UNUSED_FUNCTION = YES;
				GCC_WARN_UNUSED_VARIABLE = YES;
				IPHONEOS_DEPLOYMENT_TARGET = 13.2;
				MTL_ENABLE_DEBUG_INFO = NO;
				MTL_FAST_MATH = YES;
				SDKROOT = iphoneos;
				SWIFT_COMPILATION_MODE = wholemodule;
				SWIFT_OPTIMIZATION_LEVEL = "-O";
				VALIDATE_PRODUCT = YES;
			};
			name = Release;
		};
		EDE846332406C05200A5B34D /* Debug */ = {
			isa = XCBuildConfiguration;
			buildSettings = {
				ASSETCATALOG_COMPILER_APPICON_NAME = AppIcon;
				CODE_SIGN_STYLE = Automatic;
				DEVELOPMENT_ASSET_PATHS = "\"FIrstBoy/Preview Content\"";
				DEVELOPMENT_TEAM = MB4CW4U4T7;
				ENABLE_PREVIEWS = YES;
				INFOPLIST_FILE = FIrstBoy/Info.plist;
				LD_RUNPATH_SEARCH_PATHS = (
					"$(inherited)",
					"@executable_path/Frameworks",
				);
				PRODUCT_BUNDLE_IDENTIFIER = test.FIrstBoy;
				PRODUCT_NAME = "$(TARGET_NAME)";
				SWIFT_VERSION = 5.0;
				TARGETED_DEVICE_FAMILY = "1,2";
			};
			name = Debug;
		};
		EDE846342406C05200A5B34D /* Release */ = {
			isa = XCBuildConfiguration;
			buildSettings = {
				ASSETCATALOG_COMPILER_APPICON_NAME = AppIcon;
				CODE_SIGN_STYLE = Automatic;
				DEVELOPMENT_ASSET_PATHS = "\"FIrstBoy/Preview Content\"";
				DEVELOPMENT_TEAM = MB4CW4U4T7;
				ENABLE_PREVIEWS = YES;
				INFOPLIST_FILE = FIrstBoy/Info.plist;
				LD_RUNPATH_SEARCH_PATHS = (
					"$(inherited)",
					"@executable_path/Frameworks",
				);
				PRODUCT_BUNDLE_IDENTIFIER = test.FIrstBoy;
				PRODUCT_NAME = "$(TARGET_NAME)";
				SWIFT_VERSION = 5.0;
				TARGETED_DEVICE_FAMILY = "1,2";
			};
			name = Release;
		};
/* End XCBuildConfiguration section */

/* Begin XCConfigurationList section */
		EDE846192406C04E00A5B34D /* Build configuration list for PBXProject "FIrstBoy" */ = {
			isa = XCConfigurationList;
			buildConfigurations = (
				EDE846302406C05100A5B34D /* Debug */,
				EDE846312406C05200A5B34D /* Release */,
			);
			defaultConfigurationIsVisible = 0;
			defaultConfigurationName = Release;
		};
		EDE846322406C05200A5B34D /* Build configuration list for PBXNativeTarget "FIrstBoy" */ = {
			isa = XCConfigurationList;
			buildConfigurations = (
				EDE846332406C05200A5B34D /* Debug */,
				EDE846342406C05200A5B34D /* Release */,
			);
			defaultConfigurationIsVisible = 0;
			defaultConfigurationName = Release;
		};
/* End XCConfigurationList section */
	};
	rootObject = EDE846162406C04E00A5B34D /* Project object */;
}
