{
  "object": {
    "pins": [
      {
        "package": "Contentful",
        "repositoryURL": "https://github.com/contentful/contentful.swift.git",
        "state": {
          "branch": null,
          "revision": "f0e581ebaf65bc9920fe807bcfe0b7efc8a217b7",
          "version": "5.0.8"
        }
      }
    ]
  },
  "version": 1
}
